
Microsoft Visual Studio Solution File, Format Version 12.00
# Visual Studio Version 17
VisualStudioVersion = 17.5.002.0
MinimumVisualStudioVersion = 10.0.40219.1
Project("{9A19103F-16F7-4668-BE54-9A1E7A4F7556}") = "Elfsquad.FourColorTheorem", "Elfsquad.FourColorTheorem.csproj", "{666960F4-5C84-4610-B007-497095451874}"
EndProject
Global
	GlobalSection(SolutionConfigurationPlatforms) = preSolution
		Debug|Any CPU = Debug|Any CPU
		Release|Any CPU = Release|Any CPU
	EndGlobalSection
	GlobalSection(ProjectConfigurationPlatforms) = postSolution
		{666960F4-5C84-4610-B007-497095451874}.Debug|Any CPU.ActiveCfg = Debug|Any CPU
		{666960F4-5C84-4610-B007-497095451874}.Debug|Any CPU.Build.0 = Debug|Any CPU
		{666960F4-5C84-4610-B007-497095451874}.Release|Any CPU.ActiveCfg = Release|Any CPU
		{666960F4-5C84-4610-B007-497095451874}.Release|Any CPU.Build.0 = Release|Any CPU
	EndGlobalSection
	GlobalSection(SolutionProperties) = preSolution
		HideSolutionNode = FALSE
	EndGlobalSection
	GlobalSection(ExtensibilityGlobals) = postSolution
		SolutionGuid = {A4FEE7FE-089D-41FB-9CFF-13C024E124AE}
	EndGlobalSection
EndGlobal
